// !$*UTF8*$!
{
	archiveVersion = 1;
	classes = {
	};
	objectVersion = 56;
	objects = {

/* Begin PBXBuildFile section */
		D4C4292B2B43713000E0206C /* Swift_Carousel_AppApp.swift in Sources */ = {isa = PBXBuildFile; fileRef = D4C4292A2B43713000E0206C /* Swift_Carousel_AppApp.swift */; };
		D4C4292D2B43713000E0206C /* ContentView.swift in Sources */ = {isa = PBXBuildFile; fileRef = D4C4292C2B43713000E0206C /* ContentView.swift */; };
		D4C4292F2B43713200E0206C /* Assets.xcassets in Resources */ = {isa = PBXBuildFile; fileRef = D4C4292E2B43713200E0206C /* Assets.xcassets */; };
		D4C429322B43713200E0206C /* Preview Assets.xcassets in Resources */ = {isa = PBXBuildFile; fileRef = D4C429312B43713200E0206C /* Preview Assets.xcassets */; };
		D4C4293C2B43713200E0206C /* Swift_Carousel_AppTests.swift in Sources */ = {isa = PBXBuildFile; fileRef = D4C4293B2B43713200E0206C /* Swift_Carousel_AppTests.swift */; };
		D4C429462B43713200E0206C /* Swift_Carousel_AppUITests.swift in Sources */ = {isa = PBXBuildFile; fileRef = D4C429452B43713200E0206C /* Swift_Carousel_AppUITests.swift */; };
		D4C429482B43713200E0206C /* Swift_Carousel_AppUITestsLaunchTests.swift in Sources */ = {isa = PBXBuildFile; fileRef = D4C429472B43713200E0206C /* Swift_Carousel_AppUITestsLaunchTests.swift */; };
		D4C429582B4378E900E0206C /* Home.swift in Sources */ = {isa = PBXBuildFile; fileRef = D4C429572B4378E900E0206C /* Home.swift */; };
/* End PBXBuildFile section */

/* Begin PBXContainerItemProxy section */
		D4C429382B43713200E0206C /* PBXContainerItemProxy */ = {
			isa = PBXContainerItemProxy;
			containerPortal = D4C4291F2B43713000E0206C /* Project object */;
			proxyType = 1;
			remoteGlobalIDString = D4C429262B43713000E0206C;
			remoteInfo = "Swift Carousel App";
		};
		D4C429422B43713200E0206C /* PBXContainerItemProxy */ = {
			isa = PBXContainerItemProxy;
			containerPortal = D4C4291F2B43713000E0206C /* Project object */;
			proxyType = 1;
			remoteGlobalIDString = D4C429262B43713000E0206C;
			remoteInfo = "Swift Carousel App";
		};
/* End PBXContainerItemProxy section */

/* Begin PBXFileReference section */
		D4C429272B43713000E0206C /* Swift Carousel App.app */ = {isa = PBXFileReference; explicitFileType = wrapper.application; includeInIndex = 0; path = "Swift Carousel App.app"; sourceTree = BUILT_PRODUCTS_DIR; };
		D4C4292A2B43713000E0206C /* Swift_Carousel_AppApp.swift */ = {isa = PBXFileReference; lastKnownFileType = sourcecode.swift; path = Swift_Carousel_AppApp.swift; sourceTree = "<group>"; };
		D4C4292C2B43713000E0206C /* ContentView.swift */ = {isa = PBXFileReference; lastKnownFileType = sourcecode.swift; path = ContentView.swift; sourceTree = "<group>"; };
		D4C4292E2B43713200E0206C /* Assets.xcassets */ = {isa = PBXFileReference; lastKnownFileType = folder.assetcatalog; path = Assets.xcassets; sourceTree = "<group>"; };
		D4C429312B43713200E0206C /* Preview Assets.xcassets */ = {isa = PBXFileReference; lastKnownFileType = folder.assetcatalog; path = "Preview Assets.xcassets"; sourceTree = "<group>"; };
		D4C429372B43713200E0206C /* Swift Carousel AppTests.xctest */ = {isa = PBXFileReference; explicitFileType = wrapper.cfbundle; includeInIndex = 0; path = "Swift Carousel AppTests.xctest"; sourceTree = BUILT_PRODUCTS_DIR; };
		D4C4293B2B43713200E0206C /* Swift_Carousel_AppTests.swift */ = {isa = PBXFileReference; lastKnownFileType = sourcecode.swift; path = Swift_Carousel_AppTests.swift; sourceTree = "<group>"; };
		D4C429412B43713200E0206C /* Swift Carousel AppUITests.xctest */ = {isa = PBXFileReference; explicitFileType = wrapper.cfbundle; includeInIndex = 0; path = "Swift Carousel AppUITests.xctest"; sourceTree = BUILT_PRODUCTS_DIR; };
		D4C429452B43713200E0206C /* Swift_Carousel_AppUITests.swift */ = {isa = PBXFileReference; lastKnownFileType = sourcecode.swift; path = Swift_Carousel_AppUITests.swift; sourceTree = "<group>"; };
		D4C429472B43713200E0206C /* Swift_Carousel_AppUITestsLaunchTests.swift */ = {isa = PBXFileReference; lastKnownFileType = sourcecode.swift; path = Swift_Carousel_AppUITestsLaunchTests.swift; sourceTree = "<group>"; };
		D4C429572B4378E900E0206C /* Home.swift */ = {isa = PBXFileReference; lastKnownFileType = sourcecode.swift; path = Home.swift; sourceTree = "<group>"; };
/* End PBXFileReference section */

/* Begin PBXFrameworksBuildPhase section */
		D4C429242B43713000E0206C /* Frameworks */ = {
			isa = PBXFrameworksBuildPhase;
			buildActionMask = 2147483647;
			files = (
			);
			runOnlyForDeploymentPostprocessing = 0;
		};
		D4C429342B43713200E0206C /* Frameworks */ = {
			isa = PBXFrameworksBuildPhase;
			buildActionMask = 2147483647;
			files = (
			);
			runOnlyForDeploymentPostprocessing = 0;
		};
		D4C4293E2B43713200E0206C /* Frameworks */ = {
			isa = PBXFrameworksBuildPhase;
			buildActionMask = 2147483647;
			files = (
			);
			runOnlyForDeploymentPostprocessing = 0;
		};
/* End PBXFrameworksBuildPhase section */

/* Begin PBXGroup section */
		D4C4291E2B43713000E0206C = {
			isa = PBXGroup;
			children = (
				D4C429292B43713000E0206C /* Swift Carousel App */,
				D4C4293A2B43713200E0206C /* Swift Carousel AppTests */,
				D4C429442B43713200E0206C /* Swift Carousel AppUITests */,
				D4C429282B43713000E0206C /* Products */,
			);
			sourceTree = "<group>";
		};
		D4C429282B43713000E0206C /* Products */ = {
			isa = PBXGroup;
			children = (
				D4C429272B43713000E0206C /* Swift Carousel App.app */,
				D4C429372B43713200E0206C /* Swift Carousel AppTests.xctest */,
				D4C429412B43713200E0206C /* Swift Carousel AppUITests.xctest */,
			);
			name = Products;
			sourceTree = "<group>";
		};
		D4C429292B43713000E0206C /* Swift Carousel App */ = {
			isa = PBXGroup;
			children = (
				D4C4292A2B43713000E0206C /* Swift_Carousel_AppApp.swift */,
				D4C429542B43784800E0206C /* View */,
				D4C4292C2B43713000E0206C /* ContentView.swift */,
				D4C4292E2B43713200E0206C /* Assets.xcassets */,
				D4C429302B43713200E0206C /* Preview Content */,
			);
			path = "Swift Carousel App";
			sourceTree = "<group>";
		};
		D4C429302B43713200E0206C /* Preview Content */ = {
			isa = PBXGroup;
			children = (
				D4C429312B43713200E0206C /* Preview Assets.xcassets */,
			);
			path = "Preview Content";
			sourceTree = "<group>";
		};
		D4C4293A2B43713200E0206C /* Swift Carousel AppTests */ = {
			isa = PBXGroup;
			children = (
				D4C4293B2B43713200E0206C /* Swift_Carousel_AppTests.swift */,
			);
			path = "Swift Carousel AppTests";
			sourceTree = "<group>";
		};
		D4C429442B43713200E0206C /* Swift Carousel AppUITests */ = {
			isa = PBXGroup;
			children = (
				D4C429452B43713200E0206C /* Swift_Carousel_AppUITests.swift */,
				D4C429472B43713200E0206C /* Swift_Carousel_AppUITestsLaunchTests.swift */,
			);
			path = "Swift Carousel AppUITests";
			sourceTree = "<group>";
		};
		D4C429542B43784800E0206C /* View */ = {
			isa = PBXGroup;
			children = (
				D4C429572B4378E900E0206C /* Home.swift */,
			);
			path = View;
			sourceTree = "<group>";
		};
/* End PBXGroup section */

/* Begin PBXNativeTarget section */
		D4C429262B43713000E0206C /* Swift Carousel App */ = {
			isa = PBXNativeTarget;
			buildConfigurationList = D4C4294B2B43713200E0206C /* Build configuration list for PBXNativeTarget "Swift Carousel App" */;
			buildPhases = (
				D4C429232B43713000E0206C /* Sources */,
				D4C429242B43713000E0206C /* Frameworks */,
				D4C429252B43713000E0206C /* Resources */,
			);
			buildRules = (
			);
			dependencies = (
			);
			name = "Swift Carousel App";
			productName = "Swift Carousel App";
			productReference = D4C429272B43713000E0206C /* Swift Carousel App.app */;
			productType = "com.apple.product-type.application";
		};
		D4C429362B43713200E0206C /* Swift Carousel AppTests */ = {
			isa = PBXNativeTarget;
			buildConfigurationList = D4C4294E2B43713200E0206C /* Build configuration list for PBXNativeTarget "Swift Carousel AppTests" */;
			buildPhases = (
				D4C429332B43713200E0206C /* Sources */,
				D4C429342B43713200E0206C /* Frameworks */,
				D4C429352B43713200E0206C /* Resources */,
			);
			buildRules = (
			);
			dependencies = (
				D4C429392B43713200E0206C /* PBXTargetDependency */,
			);
			name = "Swift Carousel AppTests";
			productName = "Swift Carousel AppTests";
			productReference = D4C429372B43713200E0206C /* Swift Carousel AppTests.xctest */;
			productType = "com.apple.product-type.bundle.unit-test";
		};
		D4C429402B43713200E0206C /* Swift Carousel AppUITests */ = {
			isa = PBXNativeTarget;
			buildConfigurationList = D4C429512B43713200E0206C /* Build configuration list for PBXNativeTarget "Swift Carousel AppUITests" */;
			buildPhases = (
				D4C4293D2B43713200E0206C /* Sources */,
				D4C4293E2B43713200E0206C /* Frameworks */,
				D4C4293F2B43713200E0206C /* Resources */,
			);
			buildRules = (
			);
			dependencies = (
				D4C429432B43713200E0206C /* PBXTargetDependency */,
			);
			name = "Swift Carousel AppUITests";
			productName = "Swift Carousel AppUITests";
			productReference = D4C429412B43713200E0206C /* Swift Carousel AppUITests.xctest */;
			productType = "com.apple.product-type.bundle.ui-testing";
		};
/* End PBXNativeTarget section */

/* Begin PBXProject section */
		D4C4291F2B43713000E0206C /* Project object */ = {
			isa = PBXProject;
			attributes = {
				BuildIndependentTargetsInParallel = 1;
				LastSwiftUpdateCheck = 1430;
				LastUpgradeCheck = 1430;
				TargetAttributes = {
					D4C429262B43713000E0206C = {
						CreatedOnToolsVersion = 14.3;
					};
					D4C429362B43713200E0206C = {
						CreatedOnToolsVersion = 14.3;
						TestTargetID = D4C429262B43713000E0206C;
					};
					D4C429402B43713200E0206C = {
						CreatedOnToolsVersion = 14.3;
						TestTargetID = D4C429262B43713000E0206C;
					};
				};
			};
			buildConfigurationList = D4C429222B43713000E0206C /* Build configuration list for PBXProject "Swift Carousel App" */;
			compatibilityVersion = "Xcode 14.0";
			developmentRegion = en;
			hasScannedForEncodings = 0;
			knownRegions = (
				en,
				Base,
			);
			mainGroup = D4C4291E2B43713000E0206C;
			productRefGroup = D4C429282B43713000E0206C /* Products */;
			projectDirPath = "";
			projectRoot = "";
			targets = (
				D4C429262B43713000E0206C /* Swift Carousel App */,
				D4C429362B43713200E0206C /* Swift Carousel AppTests */,
				D4C429402B43713200E0206C /* Swift Carousel AppUITests */,
			);
		};
/* End PBXProject section */

/* Begin PBXResourcesBuildPhase section */
		D4C429252B43713000E0206C /* Resources */ = {
			isa = PBXResourcesBuildPhase;
			buildActionMask = 2147483647;
			files = (
				D4C429322B43713200E0206C /* Preview Assets.xcassets in Resources */,
				D4C4292F2B43713200E0206C /* Assets.xcassets in Resources */,
			);
			runOnlyForDeploymentPostprocessing = 0;
		};
		D4C429352B43713200E0206C /* Resources */ = {
			isa = PBXResourcesBuildPhase;
			buildActionMask = 2147483647;
			files = (
			);
			runOnlyForDeploymentPostprocessing = 0;
		};
		D4C4293F2B43713200E0206C /* Resources */ = {
			isa = PBXResourcesBuildPhase;
			buildActionMask = 2147483647;
			files = (
			);
			runOnlyForDeploymentPostprocessing = 0;
		};
/* End PBXResourcesBuildPhase section */

/* Begin PBXSourcesBuildPhase section */
		D4C429232B43713000E0206C /* Sources */ = {
			isa = PBXSourcesBuildPhase;
			buildActionMask = 2147483647;
			files = (
				D4C4292D2B43713000E0206C /* ContentView.swift in Sources */,
				D4C429582B4378E900E0206C /* Home.swift in Sources */,
				D4C4292B2B43713000E0206C /* Swift_Carousel_AppApp.swift in Sources */,
			);
			runOnlyForDeploymentPostprocessing = 0;
		};
		D4C429332B43713200E0206C /* Sources */ = {
			isa = PBXSourcesBuildPhase;
			buildActionMask = 2147483647;
			files = (
				D4C4293C2B43713200E0206C /* Swift_Carousel_AppTests.swift in Sources */,
			);
			runOnlyForDeploymentPostprocessing = 0;
		};
		D4C4293D2B43713200E0206C /* Sources */ = {
			isa = PBXSourcesBuildPhase;
			buildActionMask = 2147483647;
			files = (
				D4C429482B43713200E0206C /* Swift_Carousel_AppUITestsLaunchTests.swift in Sources */,
				D4C429462B43713200E0206C /* Swift_Carousel_AppUITests.swift in Sources */,
			);
			runOnlyForDeploymentPostprocessing = 0;
		};
/* End PBXSourcesBuildPhase section */

/* Begin PBXTargetDependency section */
		D4C429392B43713200E0206C /* PBXTargetDependency */ = {
			isa = PBXTargetDependency;
			target = D4C429262B43713000E0206C /* Swift Carousel App */;
			targetProxy = D4C429382B43713200E0206C /* PBXContainerItemProxy */;
		};
		D4C429432B43713200E0206C /* PBXTargetDependency */ = {
			isa = PBXTargetDependency;
			target = D4C429262B43713000E0206C /* Swift Carousel App */;
			targetProxy = D4C429422B43713200E0206C /* PBXContainerItemProxy */;
		};
/* End PBXTargetDependency section */

/* Begin XCBuildConfiguration section */
		D4C429492B43713200E0206C /* Debug */ = {
			isa = XCBuildConfiguration;
			buildSettings = {
				ALWAYS_SEARCH_USER_PATHS = NO;
				CLANG_ANALYZER_NONNULL = YES;
				CLANG_ANALYZER_NUMBER_OBJECT_CONVERSION = YES_AGGRESSIVE;
				CLANG_CXX_LANGUAGE_STANDARD = "gnu++20";
				CLANG_ENABLE_MODULES = YES;
				CLANG_ENABLE_OBJC_ARC = YES;
				CLANG_ENABLE_OBJC_WEAK = YES;
				CLANG_WARN_BLOCK_CAPTURE_AUTORELEASING = YES;
				CLANG_WARN_BOOL_CONVERSION = YES;
				CLANG_WARN_COMMA = YES;
				CLANG_WARN_CONSTANT_CONVERSION = YES;
				CLANG_WARN_DEPRECATED_OBJC_IMPLEMENTATIONS = YES;
				CLANG_WARN_DIRECT_OBJC_ISA_USAGE = YES_ERROR;
				CLANG_WARN_DOCUMENTATION_COMMENTS = YES;
				CLANG_WARN_EMPTY_BODY = YES;
				CLANG_WARN_ENUM_CONVERSION = YES;
				CLANG_WARN_INFINITE_RECURSION = YES;
				CLANG_WARN_INT_CONVERSION = YES;
				CLANG_WARN_NON_LITERAL_NULL_CONVERSION = YES;
				CLANG_WARN_OBJC_IMPLICIT_RETAIN_SELF = YES;
				CLANG_WARN_OBJC_LITERAL_CONVERSION = YES;
				CLANG_WARN_OBJC_ROOT_CLASS = YES_ERROR;
				CLANG_WARN_QUOTED_INCLUDE_IN_FRAMEWORK_HEADER = YES;
				CLANG_WARN_RANGE_LOOP_ANALYSIS = YES;
				CLANG_WARN_STRICT_PROTOTYPES = YES;
				CLANG_WARN_SUSPICIOUS_MOVE = YES;
				CLANG_WARN_UNGUARDED_AVAILABILITY = YES_AGGRESSIVE;
				CLANG_WARN_UNREACHABLE_CODE = YES;
				CLANG_WARN__DUPLICATE_METHOD_MATCH = YES;
				COPY_PHASE_STRIP = NO;
				DEBUG_INFORMATION_FORMAT = dwarf;
				ENABLE_STRICT_OBJC_MSGSEND = YES;
				ENABLE_TESTABILITY = YES;
				GCC_C_LANGUAGE_STANDARD = gnu11;
				GCC_DYNAMIC_NO_PIC = NO;
				GCC_NO_COMMON_BLOCKS = YES;
				GCC_OPTIMIZATION_LEVEL = 0;
				GCC_PREPROCESSOR_DEFINITIONS = (
					"DEBUG=1",
					"$(inherited)",
				);
				GCC_WARN_64_TO_32_BIT_CONVERSION = YES;
				GCC_WARN_ABOUT_RETURN_TYPE = YES_ERROR;
				GCC_WARN_UNDECLARED_SELECTOR = YES;
				GCC_WARN_UNINITIALIZED_AUTOS = YES_AGGRESSIVE;
				GCC_WARN_UNUSED_FUNCTION = YES;
				GCC_WARN_UNUSED_VARIABLE = YES;
				IPHONEOS_DEPLOYMENT_TARGET = 16.4;
				MTL_ENABLE_DEBUG_INFO = INCLUDE_SOURCE;
				MTL_FAST_MATH = YES;
				ONLY_ACTIVE_ARCH = YES;
				SDKROOT = iphoneos;
				SWIFT_ACTIVE_COMPILATION_CONDITIONS = DEBUG;
				SWIFT_OPTIMIZATION_LEVEL = "-Onone";
			};
			name = Debug;
		};
		D4C4294A2B43713200E0206C /* Release */ = {
			isa = XCBuildConfiguration;
			buildSettings = {
				ALWAYS_SEARCH_USER_PATHS = NO;
				CLANG_ANALYZER_NONNULL = YES;
				CLANG_ANALYZER_NUMBER_OBJECT_CONVERSION = YES_AGGRESSIVE;
				CLANG_CXX_LANGUAGE_STANDARD = "gnu++20";
				CLANG_ENABLE_MODULES = YES;
				CLANG_ENABLE_OBJC_ARC = YES;
				CLANG_ENABLE_OBJC_WEAK = YES;
				CLANG_WARN_BLOCK_CAPTURE_AUTORELEASING = YES;
				CLANG_WARN_BOOL_CONVERSION = YES;
				CLANG_WARN_COMMA = YES;
				CLANG_WARN_CONSTANT_CONVERSION = YES;
				CLANG_WARN_DEPRECATED_OBJC_IMPLEMENTATIONS = YES;
				CLANG_WARN_DIRECT_OBJC_ISA_USAGE = YES_ERROR;
				CLANG_WARN_DOCUMENTATION_COMMENTS = YES;
				CLANG_WARN_EMPTY_BODY = YES;
				CLANG_WARN_ENUM_CONVERSION = YES;
				CLANG_WARN_INFINITE_RECURSION = YES;
				CLANG_WARN_INT_CONVERSION = YES;
				CLANG_WARN_NON_LITERAL_NULL_CONVERSION = YES;
				CLANG_WARN_OBJC_IMPLICIT_RETAIN_SELF = YES;
				CLANG_WARN_OBJC_LITERAL_CONVERSION = YES;
				CLANG_WARN_OBJC_ROOT_CLASS = YES_ERROR;
				CLANG_WARN_QUOTED_INCLUDE_IN_FRAMEWORK_HEADER = YES;
				CLANG_WARN_RANGE_LOOP_ANALYSIS = YES;
				CLANG_WARN_STRICT_PROTOTYPES = YES;
				CLANG_WARN_SUSPICIOUS_MOVE = YES;
				CLANG_WARN_UNGUARDED_AVAILABILITY = YES_AGGRESSIVE;
				CLANG_WARN_UNREACHABLE_CODE = YES;
				CLANG_WARN__DUPLICATE_METHOD_MATCH = YES;
				COPY_PHASE_STRIP = NO;
				DEBUG_INFORMATION_FORMAT = "dwarf-with-dsym";
				ENABLE_NS_ASSERTIONS = NO;
				ENABLE_STRICT_OBJC_MSGSEND = YES;
				GCC_C_LANGUAGE_STANDARD = gnu11;
				GCC_NO_COMMON_BLOCKS = YES;
				GCC_WARN_64_TO_32_BIT_CONVERSION = YES;
				GCC_WARN_ABOUT_RETURN_TYPE = YES_ERROR;
				GCC_WARN_UNDECLARED_SELECTOR = YES;
				GCC_WARN_UNINITIALIZED_AUTOS = YES_AGGRESSIVE;
				GCC_WARN_UNUSED_FUNCTION = YES;
				GCC_WARN_UNUSED_VARIABLE = YES;
				IPHONEOS_DEPLOYMENT_TARGET = 16.4;
				MTL_ENABLE_DEBUG_INFO = NO;
				MTL_FAST_MATH = YES;
				SDKROOT = iphoneos;
				SWIFT_COMPILATION_MODE = wholemodule;
				SWIFT_OPTIMIZATION_LEVEL = "-O";
				VALIDATE_PRODUCT = YES;
			};
			name = Release;
		};
		D4C4294C2B43713200E0206C /* Debug */ = {
			isa = XCBuildConfiguration;
			buildSettings = {
				ASSETCATALOG_COMPILER_APPICON_NAME = AppIcon;
				ASSETCATALOG_COMPILER_GLOBAL_ACCENT_COLOR_NAME = AccentColor;
				CODE_SIGN_STYLE = Automatic;
				CURRENT_PROJECT_VERSION = 1;
				DEVELOPMENT_ASSET_PATHS = "\"Swift Carousel App/Preview Content\"";
				DEVELOPMENT_TEAM = UN7LRCY8M6;
				ENABLE_PREVIEWS = YES;
				GENERATE_INFOPLIST_FILE = YES;
				INFOPLIST_KEY_UIApplicationSceneManifest_Generation = YES;
				INFOPLIST_KEY_UIApplicationSupportsIndirectInputEvents = YES;
				INFOPLIST_KEY_UILaunchScreen_Generation = YES;
				INFOPLIST_KEY_UISupportedInterfaceOrientations_iPad = "UIInterfaceOrientationPortrait UIInterfaceOrientationPortraitUpsideDown UIInterfaceOrientationLandscapeLeft UIInterfaceOrientationLandscapeRight";
				INFOPLIST_KEY_UISupportedInterfaceOrientations_iPhone = "UIInterfaceOrientationPortrait UIInterfaceOrientationLandscapeLeft UIInterfaceOrientationLandscapeRight";
				LD_RUNPATH_SEARCH_PATHS = (
					"$(inherited)",
					"@executable_path/Frameworks",
				);
				MARKETING_VERSION = 1.0;
				PRODUCT_BUNDLE_IDENTIFIER = "com.carousel.app.Swift-Carousel-App";
				PRODUCT_NAME = "$(TARGET_NAME)";
				SWIFT_EMIT_LOC_STRINGS = YES;
				SWIFT_VERSION = 5.0;
				TARGETED_DEVICE_FAMILY = "1,2";
			};
			name = Debug;
		};
		D4C4294D2B43713200E0206C /* Release */ = {
			isa = XCBuildConfiguration;
			buildSettings = {
				ASSETCATALOG_COMPILER_APPICON_NAME = AppIcon;
				ASSETCATALOG_COMPILER_GLOBAL_ACCENT_COLOR_NAME = AccentColor;
				CODE_SIGN_STYLE = Automatic;
				CURRENT_PROJECT_VERSION = 1;
				DEVELOPMENT_ASSET_PATHS = "\"Swift Carousel App/Preview Content\"";
				DEVELOPMENT_TEAM = UN7LRCY8M6;
				ENABLE_PREVIEWS = YES;
				GENERATE_INFOPLIST_FILE = YES;
				INFOPLIST_KEY_UIApplicationSceneManifest_Generation = YES;
				INFOPLIST_KEY_UIApplicationSupportsIndirectInputEvents = YES;
				INFOPLIST_KEY_UILaunchScreen_Generation = YES;
				INFOPLIST_KEY_UISupportedInterfaceOrientations_iPad = "UIInterfaceOrientationPortrait UIInterfaceOrientationPortraitUpsideDown UIInterfaceOrientationLandscapeLeft UIInterfaceOrientationLandscapeRight";
				INFOPLIST_KEY_UISupportedInterfaceOrientations_iPhone = "UIInterfaceOrientationPortrait UIInterfaceOrientationLandscapeLeft UIInterfaceOrientationLandscapeRight";
				LD_RUNPATH_SEARCH_PATHS = (
					"$(inherited)",
					"@executable_path/Frameworks",
				);
				MARKETING_VERSION = 1.0;
				PRODUCT_BUNDLE_IDENTIFIER = "com.carousel.app.Swift-Carousel-App";
				PRODUCT_NAME = "$(TARGET_NAME)";
				SWIFT_EMIT_LOC_STRINGS = YES;
				SWIFT_VERSION = 5.0;
				TARGETED_DEVICE_FAMILY = "1,2";
			};
			name = Release;
		};
		D4C4294F2B43713200E0206C /* Debug */ = {
			isa = XCBuildConfiguration;
			buildSettings = {
				ALWAYS_EMBED_SWIFT_STANDARD_LIBRARIES = YES;
				BUNDLE_LOADER = "$(TEST_HOST)";
				CODE_SIGN_STYLE = Automatic;
				CURRENT_PROJECT_VERSION = 1;
				DEVELOPMENT_TEAM = UN7LRCY8M6;
				GENERATE_INFOPLIST_FILE = YES;
				IPHONEOS_DEPLOYMENT_TARGET = 16.4;
				MARKETING_VERSION = 1.0;
				PRODUCT_BUNDLE_IDENTIFIER = "com.carousel.app.Swift-Carousel-AppTests";
				PRODUCT_NAME = "$(TARGET_NAME)";
				SWIFT_EMIT_LOC_STRINGS = NO;
				SWIFT_VERSION = 5.0;
				TARGETED_DEVICE_FAMILY = "1,2";
				TEST_HOST = "$(BUILT_PRODUCTS_DIR)/Swift Carousel App.app/$(BUNDLE_EXECUTABLE_FOLDER_PATH)/Swift Carousel App";
			};
			name = Debug;
		};
		D4C429502B43713200E0206C /* Release */ = {
			isa = XCBuildConfiguration;
			buildSettings = {
				ALWAYS_EMBED_SWIFT_STANDARD_LIBRARIES = YES;
				BUNDLE_LOADER = "$(TEST_HOST)";
				CODE_SIGN_STYLE = Automatic;
				CURRENT_PROJECT_VERSION = 1;
				DEVELOPMENT_TEAM = UN7LRCY8M6;
				GENERATE_INFOPLIST_FILE = YES;
				IPHONEOS_DEPLOYMENT_TARGET = 16.4;
				MARKETING_VERSION = 1.0;
				PRODUCT_BUNDLE_IDENTIFIER = "com.carousel.app.Swift-Carousel-AppTests";
				PRODUCT_NAME = "$(TARGET_NAME)";
				SWIFT_EMIT_LOC_STRINGS = NO;
				SWIFT_VERSION = 5.0;
				TARGETED_DEVICE_FAMILY = "1,2";
				TEST_HOST = "$(BUILT_PRODUCTS_DIR)/Swift Carousel App.app/$(BUNDLE_EXECUTABLE_FOLDER_PATH)/Swift Carousel App";
			};
			name = Release;
		};
		D4C429522B43713200E0206C /* Debug */ = {
			isa = XCBuildConfiguration;
			buildSettings = {
				ALWAYS_EMBED_SWIFT_STANDARD_LIBRARIES = YES;
				CODE_SIGN_STYLE = Automatic;
				CURRENT_PROJECT_VERSION = 1;
				DEVELOPMENT_TEAM = UN7LRCY8M6;
				GENERATE_INFOPLIST_FILE = YES;
				MARKETING_VERSION = 1.0;
				PRODUCT_BUNDLE_IDENTIFIER = "com.carousel.app.Swift-Carousel-AppUITests";
				PRODUCT_NAME = "$(TARGET_NAME)";
				SWIFT_EMIT_LOC_STRINGS = NO;
				SWIFT_VERSION = 5.0;
				TARGETED_DEVICE_FAMILY = "1,2";
				TEST_TARGET_NAME = "Swift Carousel App";
			};
			name = Debug;
		};
		D4C429532B43713200E0206C /* Release */ = {
			isa = XCBuildConfiguration;
			buildSettings = {
				ALWAYS_EMBED_SWIFT_STANDARD_LIBRARIES = YES;
				CODE_SIGN_STYLE = Automatic;
				CURRENT_PROJECT_VERSION = 1;
				DEVELOPMENT_TEAM = UN7LRCY8M6;
				GENERATE_INFOPLIST_FILE = YES;
				MARKETING_VERSION = 1.0;
				PRODUCT_BUNDLE_IDENTIFIER = "com.carousel.app.Swift-Carousel-AppUITests";
				PRODUCT_NAME = "$(TARGET_NAME)";
				SWIFT_EMIT_LOC_STRINGS = NO;
				SWIFT_VERSION = 5.0;
				TARGETED_DEVICE_FAMILY = "1,2";
				TEST_TARGET_NAME = "Swift Carousel App";
			};
			name = Release;
		};
/* End XCBuildConfiguration section */

/* Begin XCConfigurationList section */
		D4C429222B43713000E0206C /* Build configuration list for PBXProject "Swift Carousel App" */ = {
			isa = XCConfigurationList;
			buildConfigurations = (
				D4C429492B43713200E0206C /* Debug */,
				D4C4294A2B43713200E0206C /* Release */,
			);
			defaultConfigurationIsVisible = 0;
			defaultConfigurationName = Release;
		};
		D4C4294B2B43713200E0206C /* Build configuration list for PBXNativeTarget "Swift Carousel App" */ = {
			isa = XCConfigurationList;
			buildConfigurations = (
				D4C4294C2B43713200E0206C /* Debug */,
				D4C4294D2B43713200E0206C /* Release */,
			);
			defaultConfigurationIsVisible = 0;
			defaultConfigurationName = Release;
		};
		D4C4294E2B43713200E0206C /* Build configuration list for PBXNativeTarget "Swift Carousel AppTests" */ = {
			isa = XCConfigurationList;
			buildConfigurations = (
				D4C4294F2B43713200E0206C /* Debug */,
				D4C429502B43713200E0206C /* Release */,
			);
			defaultConfigurationIsVisible = 0;
			defaultConfigurationName = Release;
		};
		D4C429512B43713200E0206C /* Build configuration list for PBXNativeTarget "Swift Carousel AppUITests" */ = {
			isa = XCConfigurationList;
			buildConfigurations = (
				D4C429522B43713200E0206C /* Debug */,
				D4C429532B43713200E0206C /* Release */,
			);
			defaultConfigurationIsVisible = 0;
			defaultConfigurationName = Release;
		};
/* End XCConfigurationList section */
	};
	rootObject = D4C4291F2B43713000E0206C /* Project object */;
}
